
Microsoft Visual Studio Solution File, Format Version 12.00
# Visual Studio Version 17
VisualStudioVersion = 17.12.35527.113 d17.12
MinimumVisualStudioVersion = 10.0.40219.1
Project("{FAE04EC0-301F-11D3-BF4B-00C04F79EFBC}") = "wfaMinesweeper", "wfaMinesweeper\wfaMinesweeper.csproj", "{1635B263-6C7E-48D0-8DE4-F4514CD926CF}"
EndProject
Project("{FAE04EC0-301F-11D3-BF4B-00C04F79EFBC}") = "MinesweeperLib", "MinesweeperLib\MinesweeperLib.csproj", "{71A4C5AF-626F-4650-9B2C-2A6016F4AA55}"
EndProject
Global
	GlobalSection(SolutionConfigurationPlatforms) = preSolution
		Debug|Any CPU = Debug|Any CPU
		Release|Any CPU = Release|Any CPU
	EndGlobalSection
	GlobalSection(ProjectConfigurationPlatforms) = postSolution
		{1635B263-6C7E-48D0-8DE4-F4514CD926CF}.Debug|Any CPU.ActiveCfg = Debug|Any CPU
		{1635B263-6C7E-48D0-8DE4-F4514CD926CF}.Debug|Any CPU.Build.0 = Debug|Any CPU
		{1635B263-6C7E-48D0-8DE4-F4514CD926CF}.Release|Any CPU.ActiveCfg = Release|Any CPU
		{1635B263-6C7E-48D0-8DE4-F4514CD926CF}.Release|Any CPU.Build.0 = Release|Any CPU
		{71A4C5AF-626F-4650-9B2C-2A6016F4AA55}.Debug|Any CPU.ActiveCfg = Debug|Any CPU
		{71A4C5AF-626F-4650-9B2C-2A6016F4AA55}.Debug|Any CPU.Build.0 = Debug|Any CPU
		{71A4C5AF-626F-4650-9B2C-2A6016F4AA55}.Release|Any CPU.ActiveCfg = Release|Any CPU
		{71A4C5AF-626F-4650-9B2C-2A6016F4AA55}.Release|Any CPU.Build.0 = Release|Any CPU
	EndGlobalSection
	GlobalSection(SolutionProperties) = preSolution
		HideSolutionNode = FALSE
	EndGlobalSection
EndGlobal
